
Microsoft Visual Studio Solution File, Format Version 12.00
# Visual Studio Version 16
VisualStudioVersion = 16.0.30804.86
MinimumVisualStudioVersion = 10.0.40219.1
Project("{9A19103F-16F7-4668-BE54-9A1E7A4F7556}") = "NamaShow.DataLayer", "NamaShow.DataLayer\NamaShow.DataLayer.csproj", "{3AC5F9B8-B33E-41C1-B18D-0EC9CE731DAF}"
EndProject
Project("{9A19103F-16F7-4668-BE54-9A1E7A4F7556}") = "NamaShow.Test", "NamaShow.Test\NamaShow.Test.csproj", "{8D3C4A66-D405-4AFF-8B34-5017A1A9C453}"
EndProject
Project("{9A19103F-16F7-4668-BE54-9A1E7A4F7556}") = "NamaShow.Core", "NamaShow.Core\NamaShow.Core.csproj", "{C048E878-AC26-4E06-A238-C43A9FFFC042}"
EndProject
Project("{9A19103F-16F7-4668-BE54-9A1E7A4F7556}") = "NmaShow.EndPoint", "NmaShow.EndPoint\NmaShow.EndPoint.csproj", "{3633B794-D347-4BF7-B1A9-F70238133437}"
EndProject
Global
	GlobalSection(SolutionConfigurationPlatforms) = preSolution
		Debug|Any CPU = Debug|Any CPU
		Release|Any CPU = Release|Any CPU
	EndGlobalSection
	GlobalSection(ProjectConfigurationPlatforms) = postSolution
		{3AC5F9B8-B33E-41C1-B18D-0EC9CE731DAF}.Debug|Any CPU.ActiveCfg = Debug|Any CPU
		{3AC5F9B8-B33E-41C1-B18D-0EC9CE731DAF}.Debug|Any CPU.Build.0 = Debug|Any CPU
		{3AC5F9B8-B33E-41C1-B18D-0EC9CE731DAF}.Release|Any CPU.ActiveCfg = Release|Any CPU
		{3AC5F9B8-B33E-41C1-B18D-0EC9CE731DAF}.Release|Any CPU.Build.0 = Release|Any CPU
		{8D3C4A66-D405-4AFF-8B34-5017A1A9C453}.Debug|Any CPU.ActiveCfg = Debug|Any CPU
		{8D3C4A66-D405-4AFF-8B34-5017A1A9C453}.Debug|Any CPU.Build.0 = Debug|Any CPU
		{8D3C4A66-D405-4AFF-8B34-5017A1A9C453}.Release|Any CPU.ActiveCfg = Release|Any CPU
		{8D3C4A66-D405-4AFF-8B34-5017A1A9C453}.Release|Any CPU.Build.0 = Release|Any CPU
		{C048E878-AC26-4E06-A238-C43A9FFFC042}.Debug|Any CPU.ActiveCfg = Debug|Any CPU
		{C048E878-AC26-4E06-A238-C43A9FFFC042}.Debug|Any CPU.Build.0 = Debug|Any CPU
		{C048E878-AC26-4E06-A238-C43A9FFFC042}.Release|Any CPU.ActiveCfg = Release|Any CPU
		{C048E878-AC26-4E06-A238-C43A9FFFC042}.Release|Any CPU.Build.0 = Release|Any CPU
		{3633B794-D347-4BF7-B1A9-F70238133437}.Debug|Any CPU.ActiveCfg = Debug|Any CPU
		{3633B794-D347-4BF7-B1A9-F70238133437}.Debug|Any CPU.Build.0 = Debug|Any CPU
		{3633B794-D347-4BF7-B1A9-F70238133437}.Release|Any CPU.ActiveCfg = Release|Any CPU
		{3633B794-D347-4BF7-B1A9-F70238133437}.Release|Any CPU.Build.0 = Release|Any CPU
	EndGlobalSection
	GlobalSection(SolutionProperties) = preSolution
		HideSolutionNode = FALSE
	EndGlobalSection
	GlobalSection(ExtensibilityGlobals) = postSolution
		SolutionGuid = {4BDCB6D9-8C00-421C-97F7-2DB8302442BC}
	EndGlobalSection
EndGlobal
